// !$*UTF8*$!
{
	archiveVersion = 1;
	classes = {
	};
	objectVersion = 77;
	objects = {

/* Begin PBXContainerItemProxy section */
		173B7C3F2CE2FDA3005F182B /* PBXContainerItemProxy */ = {
			isa = PBXContainerItemProxy;
			containerPortal = 173B7C202CE2FDA1005F182B /* Project object */;
			proxyType = 1;
			remoteGlobalIDString = 173B7C272CE2FDA1005F182B;
			remoteInfo = NBCTest1;
		};
		173B7C492CE2FDA3005F182B /* PBXContainerItemProxy */ = {
			isa = PBXContainerItemProxy;
			containerPortal = 173B7C202CE2FDA1005F182B /* Project object */;
			proxyType = 1;
			remoteGlobalIDString = 173B7C272CE2FDA1005F182B;
			remoteInfo = NBCTest1;
		};
/* End PBXContainerItemProxy section */

/* Begin PBXFileReference section */
		173B7C282CE2FDA1005F182B /* NBCTest1.app */ = {isa = PBXFileReference; explicitFileType = wrapper.application; includeInIndex = 0; path = NBCTest1.app; sourceTree = BUILT_PRODUCTS_DIR; };
		173B7C3E2CE2FDA3005F182B /* NBCTest1Tests.xctest */ = {isa = PBXFileReference; explicitFileType = wrapper.cfbundle; includeInIndex = 0; path = NBCTest1Tests.xctest; sourceTree = BUILT_PRODUCTS_DIR; };
		173B7C482CE2FDA3005F182B /* NBCTest1UITests.xctest */ = {isa = PBXFileReference; explicitFileType = wrapper.cfbundle; includeInIndex = 0; path = NBCTest1UITests.xctest; sourceTree = BUILT_PRODUCTS_DIR; };
/* End PBXFileReference section */

/* Begin PBXFileSystemSynchronizedBuildFileExceptionSet section */
		173B7C502CE2FDA3005F182B /* Exceptions for "NBCTest1" folder in "NBCTest1" target */ = {
			isa = PBXFileSystemSynchronizedBuildFileExceptionSet;
			membershipExceptions = (
				Info.plist,
			);
			target = 173B7C272CE2FDA1005F182B /* NBCTest1 */;
		};
/* End PBXFileSystemSynchronizedBuildFileExceptionSet section */

/* Begin PBXFileSystemSynchronizedRootGroup section */
		173B7C2A2CE2FDA1005F182B /* NBCTest1 */ = {
			isa = PBXFileSystemSynchronizedRootGroup;
			exceptions = (
				173B7C502CE2FDA3005F182B /* Exceptions for "NBCTest1" folder in "NBCTest1" target */,
			);
			path = NBCTest1;
			sourceTree = "<group>";
		};
		173B7C412CE2FDA3005F182B /* NBCTest1Tests */ = {
			isa = PBXFileSystemSynchronizedRootGroup;
			path = NBCTest1Tests;
			sourceTree = "<group>";
		};
		173B7C4B2CE2FDA3005F182B /* NBCTest1UITests */ = {
			isa = PBXFileSystemSynchronizedRootGroup;
			path = NBCTest1UITests;
			sourceTree = "<group>";
		};
/* End PBXFileSystemSynchronizedRootGroup section */

/* Begin PBXFrameworksBuildPhase section */
		173B7C252CE2FDA1005F182B /* Frameworks */ = {
			isa = PBXFrameworksBuildPhase;
			buildActionMask = 2147483647;
			files = (
			);
			runOnlyForDeploymentPostprocessing = 0;
		};
		173B7C3B2CE2FDA3005F182B /* Frameworks */ = {
			isa = PBXFrameworksBuildPhase;
			buildActionMask = 2147483647;
			files = (
			);
			runOnlyForDeploymentPostprocessing = 0;
		};
		173B7C452CE2FDA3005F182B /* Frameworks */ = {
			isa = PBXFrameworksBuildPhase;
			buildActionMask = 2147483647;
			files = (
			);
			runOnlyForDeploymentPostprocessing = 0;
		};
/* End PBXFrameworksBuildPhase section */

/* Begin PBXGroup section */
		173B7C1F2CE2FDA1005F182B = {
			isa = PBXGroup;
			children = (
				173B7C2A2CE2FDA1005F182B /* NBCTest1 */,
				173B7C412CE2FDA3005F182B /* NBCTest1Tests */,
				173B7C4B2CE2FDA3005F182B /* NBCTest1UITests */,
				173B7C292CE2FDA1005F182B /* Products */,
			);
			sourceTree = "<group>";
		};
		173B7C292CE2FDA1005F182B /* Products */ = {
			isa = PBXGroup;
			children = (
				173B7C282CE2FDA1005F182B /* NBCTest1.app */,
				173B7C3E2CE2FDA3005F182B /* NBCTest1Tests.xctest */,
				173B7C482CE2FDA3005F182B /* NBCTest1UITests.xctest */,
			);
			name = Products;
			sourceTree = "<group>";
		};
/* End PBXGroup section */

/* Begin PBXNativeTarget section */
		173B7C272CE2FDA1005F182B /* NBCTest1 */ = {
			isa = PBXNativeTarget;
			buildConfigurationList = 173B7C512CE2FDA3005F182B /* Build configuration list for PBXNativeTarget "NBCTest1" */;
			buildPhases = (
				173B7C242CE2FDA1005F182B /* Sources */,
				173B7C252CE2FDA1005F182B /* Frameworks */,
				173B7C262CE2FDA1005F182B /* Resources */,
			);
			buildRules = (
			);
			dependencies = (
			);
			fileSystemSynchronizedGroups = (
				173B7C2A2CE2FDA1005F182B /* NBCTest1 */,
			);
			name = NBCTest1;
			packageProductDependencies = (
			);
			productName = NBCTest1;
			productReference = 173B7C282CE2FDA1005F182B /* NBCTest1.app */;
			productType = "com.apple.product-type.application";
		};
		173B7C3D2CE2FDA3005F182B /* NBCTest1Tests */ = {
			isa = PBXNativeTarget;
			buildConfigurationList = 173B7C562CE2FDA3005F182B /* Build configuration list for PBXNativeTarget "NBCTest1Tests" */;
			buildPhases = (
				173B7C3A2CE2FDA3005F182B /* Sources */,
				173B7C3B2CE2FDA3005F182B /* Frameworks */,
				173B7C3C2CE2FDA3005F182B /* Resources */,
			);
			buildRules = (
			);
			dependencies = (
				173B7C402CE2FDA3005F182B /* PBXTargetDependency */,
			);
			fileSystemSynchronizedGroups = (
				173B7C412CE2FDA3005F182B /* NBCTest1Tests */,
			);
			name = NBCTest1Tests;
			packageProductDependencies = (
			);
			productName = NBCTest1Tests;
			productReference = 173B7C3E2CE2FDA3005F182B /* NBCTest1Tests.xctest */;
			productType = "com.apple.product-type.bundle.unit-test";
		};
		173B7C472CE2FDA3005F182B /* NBCTest1UITests */ = {
			isa = PBXNativeTarget;
			buildConfigurationList = 173B7C592CE2FDA3005F182B /* Build configuration list for PBXNativeTarget "NBCTest1UITests" */;
			buildPhases = (
				173B7C442CE2FDA3005F182B /* Sources */,
				173B7C452CE2FDA3005F182B /* Frameworks */,
				173B7C462CE2FDA3005F182B /* Resources */,
			);
			buildRules = (
			);
			dependencies = (
				173B7C4A2CE2FDA3005F182B /* PBXTargetDependency */,
			);
			fileSystemSynchronizedGroups = (
				173B7C4B2CE2FDA3005F182B /* NBCTest1UITests */,
			);
			name = NBCTest1UITests;
			packageProductDependencies = (
			);
			productName = NBCTest1UITests;
			productReference = 173B7C482CE2FDA3005F182B /* NBCTest1UITests.xctest */;
			productType = "com.apple.product-type.bundle.ui-testing";
		};
/* End PBXNativeTarget section */

/* Begin PBXProject section */
		173B7C202CE2FDA1005F182B /* Project object */ = {
			isa = PBXProject;
			attributes = {
				BuildIndependentTargetsInParallel = 1;
				LastSwiftUpdateCheck = 1610;
				LastUpgradeCheck = 1610;
				TargetAttributes = {
					173B7C272CE2FDA1005F182B = {
						CreatedOnToolsVersion = 16.1;
					};
					173B7C3D2CE2FDA3005F182B = {
						CreatedOnToolsVersion = 16.1;
						TestTargetID = 173B7C272CE2FDA1005F182B;
					};
					173B7C472CE2FDA3005F182B = {
						CreatedOnToolsVersion = 16.1;
						TestTargetID = 173B7C272CE2FDA1005F182B;
					};
				};
			};
			buildConfigurationList = 173B7C232CE2FDA1005F182B /* Build configuration list for PBXProject "NBCTest1" */;
			developmentRegion = en;
			hasScannedForEncodings = 0;
			knownRegions = (
				en,
				Base,
			);
			mainGroup = 173B7C1F2CE2FDA1005F182B;
			minimizedProjectReferenceProxies = 1;
			preferredProjectObjectVersion = 77;
			productRefGroup = 173B7C292CE2FDA1005F182B /* Products */;
			projectDirPath = "";
			projectRoot = "";
			targets = (
				173B7C272CE2FDA1005F182B /* NBCTest1 */,
				173B7C3D2CE2FDA3005F182B /* NBCTest1Tests */,
				173B7C472CE2FDA3005F182B /* NBCTest1UITests */,
			);
		};
/* End PBXProject section */

/* Begin PBXResourcesBuildPhase section */
		173B7C262CE2FDA1005F182B /* Resources */ = {
			isa = PBXResourcesBuildPhase;
			buildActionMask = 2147483647;
			files = (
			);
			runOnlyForDeploymentPostprocessing = 0;
		};
		173B7C3C2CE2FDA3005F182B /* Resources */ = {
			isa = PBXResourcesBuildPhase;
			buildActionMask = 2147483647;
			files = (
			);
			runOnlyForDeploymentPostprocessing = 0;
		};
		173B7C462CE2FDA3005F182B /* Resources */ = {
			isa = PBXResourcesBuildPhase;
			buildActionMask = 2147483647;
			files = (
			);
			runOnlyForDeploymentPostprocessing = 0;
		};
/* End PBXResourcesBuildPhase section */

/* Begin PBXSourcesBuildPhase section */
		173B7C242CE2FDA1005F182B /* Sources */ = {
			isa = PBXSourcesBuildPhase;
			buildActionMask = 2147483647;
			files = (
			);
			runOnlyForDeploymentPostprocessing = 0;
		};
		173B7C3A2CE2FDA3005F182B /* Sources */ = {
			isa = PBXSourcesBuildPhase;
			buildActionMask = 2147483647;
			files = (
			);
			runOnlyForDeploymentPostprocessing = 0;
		};
		173B7C442CE2FDA3005F182B /* Sources */ = {
			isa = PBXSourcesBuildPhase;
			buildActionMask = 2147483647;
			files = (
			);
			runOnlyForDeploymentPostprocessing = 0;
		};
/* End PBXSourcesBuildPhase section */

/* Begin PBXTargetDependency section */
		173B7C402CE2FDA3005F182B /* PBXTargetDependency */ = {
			isa = PBXTargetDependency;
			target = 173B7C272CE2FDA1005F182B /* NBCTest1 */;
			targetProxy = 173B7C3F2CE2FDA3005F182B /* PBXContainerItemProxy */;
		};
		173B7C4A2CE2FDA3005F182B /* PBXTargetDependency */ = {
			isa = PBXTargetDependency;
			target = 173B7C272CE2FDA1005F182B /* NBCTest1 */;
			targetProxy = 173B7C492CE2FDA3005F182B /* PBXContainerItemProxy */;
		};
/* End PBXTargetDependency section */

/* Begin XCBuildConfiguration section */
		173B7C522CE2FDA3005F182B /* Debug */ = {
			isa = XCBuildConfiguration;
			buildSettings = {
				ASSETCATALOG_COMPILER_APPICON_NAME = AppIcon;
				ASSETCATALOG_COMPILER_GLOBAL_ACCENT_COLOR_NAME = AccentColor;
				CODE_SIGN_STYLE = Automatic;
				CURRENT_PROJECT_VERSION = 1;
				GENERATE_INFOPLIST_FILE = YES;
				INFOPLIST_FILE = NBCTest1/Info.plist;
				INFOPLIST_KEY_UIApplicationSupportsIndirectInputEvents = YES;
				INFOPLIST_KEY_UILaunchStoryboardName = LaunchScreen;
				INFOPLIST_KEY_UIMainStoryboardFile = Main;
				INFOPLIST_KEY_UISupportedInterfaceOrientations = UIInterfaceOrientationPortrait;
				IPHONEOS_DEPLOYMENT_TARGET = 15.6;
				LD_RUNPATH_SEARCH_PATHS = (
					"$(inherited)",
					"@executable_path/Frameworks",
				);
				MARKETING_VERSION = 1.0;
				PRODUCT_BUNDLE_IDENTIFIER = com.nyj.NBCTest1;
				PRODUCT_NAME = "$(TARGET_NAME)";
				SWIFT_EMIT_LOC_STRINGS = YES;
				SWIFT_VERSION = 5.0;
				TARGETED_DEVICE_FAMILY = "1,2";
			};
			name = Debug;
		};
		173B7C532CE2FDA3005F182B /* Release */ = {
			isa = XCBuildConfiguration;
			buildSettings = {
				ASSETCATALOG_COMPILER_APPICON_NAME = AppIcon;
				ASSETCATALOG_COMPILER_GLOBAL_ACCENT_COLOR_NAME = AccentColor;
				CODE_SIGN_STYLE = Automatic;
				CURRENT_PROJECT_VERSION = 1;
				GENERATE_INFOPLIST_FILE = YES;
				INFOPLIST_FILE = NBCTest1/Info.plist;
				INFOPLIST_KEY_UIApplicationSupportsIndirectInputEvents = YES;
				INFOPLIST_KEY_UILaunchStoryboardName = LaunchScreen;
				INFOPLIST_KEY_UIMainStoryboardFile = Main;
				INFOPLIST_KEY_UISupportedInterfaceOrientations = UIInterfaceOrientationPortrait;
				IPHONEOS_DEPLOYMENT_TARGET = 15.6;
				LD_RUNPATH_SEARCH_PATHS = (
					"$(inherited)",
					"@executable_path/Frameworks",
				);
				MARKETING_VERSION = 1.0;
				PRODUCT_BUNDLE_IDENTIFIER = com.nyj.NBCTest1;
				PRODUCT_NAME = "$(TARGET_NAME)";
				SWIFT_EMIT_LOC_STRINGS = YES;
				SWIFT_VERSION = 5.0;
				TARGETED_DEVICE_FAMILY = "1,2";
			};
			name = Release;
		};
		173B7C542CE2FDA3005F182B /* Debug */ = {
			isa = XCBuildConfiguration;
			buildSettings = {
				ALWAYS_SEARCH_USER_PATHS = NO;
				ASSETCATALOG_COMPILER_GENERATE_SWIFT_ASSET_SYMBOL_EXTENSIONS = YES;
				CLANG_ANALYZER_NONNULL = YES;
				CLANG_ANALYZER_NUMBER_OBJECT_CONVERSION = YES_AGGRESSIVE;
				CLANG_CXX_LANGUAGE_STANDARD = "gnu++20";
				CLANG_ENABLE_MODULES = YES;
				CLANG_ENABLE_OBJC_ARC = YES;
				CLANG_ENABLE_OBJC_WEAK = YES;
				CLANG_WARN_BLOCK_CAPTURE_AUTORELEASING = YES;
				CLANG_WARN_BOOL_CONVERSION = YES;
				CLANG_WARN_COMMA = YES;
				CLANG_WARN_CONSTANT_CONVERSION = YES;
				CLANG_WARN_DEPRECATED_OBJC_IMPLEMENTATIONS = YES;
				CLANG_WARN_DIRECT_OBJC_ISA_USAGE = YES_ERROR;
				CLANG_WARN_DOCUMENTATION_COMMENTS = YES;
				CLANG_WARN_EMPTY_BODY = YES;
				CLANG_WARN_ENUM_CONVERSION = YES;
				CLANG_WARN_INFINITE_RECURSION = YES;
				CLANG_WARN_INT_CONVERSION = YES;
				CLANG_WARN_NON_LITERAL_NULL_CONVERSION = YES;
				CLANG_WARN_OBJC_IMPLICIT_RETAIN_SELF = YES;
				CLANG_WARN_OBJC_LITERAL_CONVERSION = YES;
				CLANG_WARN_OBJC_ROOT_CLASS = YES_ERROR;
				CLANG_WARN_QUOTED_INCLUDE_IN_FRAMEWORK_HEADER = YES;
				CLANG_WARN_RANGE_LOOP_ANALYSIS = YES;
				CLANG_WARN_STRICT_PROTOTYPES = YES;
				CLANG_WARN_SUSPICIOUS_MOVE = YES;
				CLANG_WARN_UNGUARDED_AVAILABILITY = YES_AGGRESSIVE;
				CLANG_WARN_UNREACHABLE_CODE = YES;
				CLANG_WARN__DUPLICATE_METHOD_MATCH = YES;
				COPY_PHASE_STRIP = NO;
				DEBUG_INFORMATION_FORMAT = dwarf;
				ENABLE_STRICT_OBJC_MSGSEND = YES;
				ENABLE_TESTABILITY = YES;
				ENABLE_USER_SCRIPT_SANDBOXING = YES;
				GCC_C_LANGUAGE_STANDARD = gnu17;
				GCC_DYNAMIC_NO_PIC = NO;
				GCC_NO_COMMON_BLOCKS = YES;
				GCC_OPTIMIZATION_LEVEL = 0;
				GCC_PREPROCESSOR_DEFINITIONS = (
					"DEBUG=1",
					"$(inherited)",
				);
				GCC_WARN_64_TO_32_BIT_CONVERSION = YES;
				GCC_WARN_ABOUT_RETURN_TYPE = YES_ERROR;
				GCC_WARN_UNDECLARED_SELECTOR = YES;
				GCC_WARN_UNINITIALIZED_AUTOS = YES_AGGRESSIVE;
				GCC_WARN_UNUSED_FUNCTION = YES;
				GCC_WARN_UNUSED_VARIABLE = YES;
				IPHONEOS_DEPLOYMENT_TARGET = 15.6;
				LOCALIZATION_PREFERS_STRING_CATALOGS = YES;
				MTL_ENABLE_DEBUG_INFO = INCLUDE_SOURCE;
				MTL_FAST_MATH = YES;
				ONLY_ACTIVE_ARCH = YES;
				SDKROOT = iphoneos;
				SWIFT_ACTIVE_COMPILATION_CONDITIONS = "DEBUG $(inherited)";
				SWIFT_OPTIMIZATION_LEVEL = "-Onone";
			};
			name = Debug;
		};
		173B7C552CE2FDA3005F182B /* Release */ = {
			isa = XCBuildConfiguration;
			buildSettings = {
				ALWAYS_SEARCH_USER_PATHS = NO;
				ASSETCATALOG_COMPILER_GENERATE_SWIFT_ASSET_SYMBOL_EXTENSIONS = YES;
				CLANG_ANALYZER_NONNULL = YES;
				CLANG_ANALYZER_NUMBER_OBJECT_CONVERSION = YES_AGGRESSIVE;
				CLANG_CXX_LANGUAGE_STANDARD = "gnu++20";
				CLANG_ENABLE_MODULES = YES;
				CLANG_ENABLE_OBJC_ARC = YES;
				CLANG_ENABLE_OBJC_WEAK = YES;
				CLANG_WARN_BLOCK_CAPTURE_AUTORELEASING = YES;
				CLANG_WARN_BOOL_CONVERSION = YES;
				CLANG_WARN_COMMA = YES;
				CLANG_WARN_CONSTANT_CONVERSION = YES;
				CLANG_WARN_DEPRECATED_OBJC_IMPLEMENTATIONS = YES;
				CLANG_WARN_DIRECT_OBJC_ISA_USAGE = YES_ERROR;
				CLANG_WARN_DOCUMENTATION_COMMENTS = YES;
				CLANG_WARN_EMPTY_BODY = YES;
				CLANG_WARN_ENUM_CONVERSION = YES;
				CLANG_WARN_INFINITE_RECURSION = YES;
				CLANG_WARN_INT_CONVERSION = YES;
				CLANG_WARN_NON_LITERAL_NULL_CONVERSION = YES;
				CLANG_WARN_OBJC_IMPLICIT_RETAIN_SELF = YES;
				CLANG_WARN_OBJC_LITERAL_CONVERSION = YES;
				CLANG_WARN_OBJC_ROOT_CLASS = YES_ERROR;
				CLANG_WARN_QUOTED_INCLUDE_IN_FRAMEWORK_HEADER = YES;
				CLANG_WARN_RANGE_LOOP_ANALYSIS = YES;
				CLANG_WARN_STRICT_PROTOTYPES = YES;
				CLANG_WARN_SUSPICIOUS_MOVE = YES;
				CLANG_WARN_UNGUARDED_AVAILABILITY = YES_AGGRESSIVE;
				CLANG_WARN_UNREACHABLE_CODE = YES;
				CLANG_WARN__DUPLICATE_METHOD_MATCH = YES;
				COPY_PHASE_STRIP = NO;
				DEBUG_INFORMATION_FORMAT = "dwarf-with-dsym";
				ENABLE_NS_ASSERTIONS = NO;
				ENABLE_STRICT_OBJC_MSGSEND = YES;
				ENABLE_USER_SCRIPT_SANDBOXING = YES;
				GCC_C_LANGUAGE_STANDARD = gnu17;
				GCC_NO_COMMON_BLOCKS = YES;
				GCC_WARN_64_TO_32_BIT_CONVERSION = YES;
				GCC_WARN_ABOUT_RETURN_TYPE = YES_ERROR;
				GCC_WARN_UNDECLARED_SELECTOR = YES;
				GCC_WARN_UNINITIALIZED_AUTOS = YES_AGGRESSIVE;
				GCC_WARN_UNUSED_FUNCTION = YES;
				GCC_WARN_UNUSED_VARIABLE = YES;
				IPHONEOS_DEPLOYMENT_TARGET = 15.6;
				LOCALIZATION_PREFERS_STRING_CATALOGS = YES;
				MTL_ENABLE_DEBUG_INFO = NO;
				MTL_FAST_MATH = YES;
				SDKROOT = iphoneos;
				SWIFT_COMPILATION_MODE = wholemodule;
				VALIDATE_PRODUCT = YES;
			};
			name = Release;
		};
		173B7C572CE2FDA3005F182B /* Debug */ = {
			isa = XCBuildConfiguration;
			buildSettings = {
				BUNDLE_LOADER = "$(TEST_HOST)";
				CODE_SIGN_STYLE = Automatic;
				CURRENT_PROJECT_VERSION = 1;
				GENERATE_INFOPLIST_FILE = YES;
				IPHONEOS_DEPLOYMENT_TARGET = 18.1;
				MARKETING_VERSION = 1.0;
				PRODUCT_BUNDLE_IDENTIFIER = com.nyj.NBCTest1Tests;
				PRODUCT_NAME = "$(TARGET_NAME)";
				SWIFT_EMIT_LOC_STRINGS = NO;
				SWIFT_VERSION = 5.0;
				TARGETED_DEVICE_FAMILY = "1,2";
				TEST_HOST = "$(BUILT_PRODUCTS_DIR)/NBCTest1.app/$(BUNDLE_EXECUTABLE_FOLDER_PATH)/NBCTest1";
			};
			name = Debug;
		};
		173B7C582CE2FDA3005F182B /* Release */ = {
			isa = XCBuildConfiguration;
			buildSettings = {
				BUNDLE_LOADER = "$(TEST_HOST)";
				CODE_SIGN_STYLE = Automatic;
				CURRENT_PROJECT_VERSION = 1;
				GENERATE_INFOPLIST_FILE = YES;
				IPHONEOS_DEPLOYMENT_TARGET = 18.1;
				MARKETING_VERSION = 1.0;
				PRODUCT_BUNDLE_IDENTIFIER = com.nyj.NBCTest1Tests;
				PRODUCT_NAME = "$(TARGET_NAME)";
				SWIFT_EMIT_LOC_STRINGS = NO;
				SWIFT_VERSION = 5.0;
				TARGETED_DEVICE_FAMILY = "1,2";
				TEST_HOST = "$(BUILT_PRODUCTS_DIR)/NBCTest1.app/$(BUNDLE_EXECUTABLE_FOLDER_PATH)/NBCTest1";
			};
			name = Release;
		};
		173B7C5A2CE2FDA3005F182B /* Debug */ = {
			isa = XCBuildConfiguration;
			buildSettings = {
				CODE_SIGN_STYLE = Automatic;
				CURRENT_PROJECT_VERSION = 1;
				GENERATE_INFOPLIST_FILE = YES;
				MARKETING_VERSION = 1.0;
				PRODUCT_BUNDLE_IDENTIFIER = com.nyj.NBCTest1UITests;
				PRODUCT_NAME = "$(TARGET_NAME)";
				SWIFT_EMIT_LOC_STRINGS = NO;
				SWIFT_VERSION = 5.0;
				TARGETED_DEVICE_FAMILY = "1,2";
				TEST_TARGET_NAME = NBCTest1;
			};
			name = Debug;
		};
		173B7C5B2CE2FDA3005F182B /* Release */ = {
			isa = XCBuildConfiguration;
			buildSettings = {
				CODE_SIGN_STYLE = Automatic;
				CURRENT_PROJECT_VERSION = 1;
				GENERATE_INFOPLIST_FILE = YES;
				MARKETING_VERSION = 1.0;
				PRODUCT_BUNDLE_IDENTIFIER = com.nyj.NBCTest1UITests;
				PRODUCT_NAME = "$(TARGET_NAME)";
				SWIFT_EMIT_LOC_STRINGS = NO;
				SWIFT_VERSION = 5.0;
				TARGETED_DEVICE_FAMILY = "1,2";
				TEST_TARGET_NAME = NBCTest1;
			};
			name = Release;
		};
/* End XCBuildConfiguration section */

/* Begin XCConfigurationList section */
		173B7C232CE2FDA1005F182B /* Build configuration list for PBXProject "NBCTest1" */ = {
			isa = XCConfigurationList;
			buildConfigurations = (
				173B7C542CE2FDA3005F182B /* Debug */,
				173B7C552CE2FDA3005F182B /* Release */,
			);
			defaultConfigurationIsVisible = 0;
			defaultConfigurationName = Release;
		};
		173B7C512CE2FDA3005F182B /* Build configuration list for PBXNativeTarget "NBCTest1" */ = {
			isa = XCConfigurationList;
			buildConfigurations = (
				173B7C522CE2FDA3005F182B /* Debug */,
				173B7C532CE2FDA3005F182B /* Release */,
			);
			defaultConfigurationIsVisible = 0;
			defaultConfigurationName = Release;
		};
		173B7C562CE2FDA3005F182B /* Build configuration list for PBXNativeTarget "NBCTest1Tests" */ = {
			isa = XCConfigurationList;
			buildConfigurations = (
				173B7C572CE2FDA3005F182B /* Debug */,
				173B7C582CE2FDA3005F182B /* Release */,
			);
			defaultConfigurationIsVisible = 0;
			defaultConfigurationName = Release;
		};
		173B7C592CE2FDA3005F182B /* Build configuration list for PBXNativeTarget "NBCTest1UITests" */ = {
			isa = XCConfigurationList;
			buildConfigurations = (
				173B7C5A2CE2FDA3005F182B /* Debug */,
				173B7C5B2CE2FDA3005F182B /* Release */,
			);
			defaultConfigurationIsVisible = 0;
			defaultConfigurationName = Release;
		};
/* End XCConfigurationList section */
	};
	rootObject = 173B7C202CE2FDA1005F182B /* Project object */;
}
